
Microsoft Visual Studio Solution File, Format Version 12.00
# Visual Studio Version 17
VisualStudioVersion = 17.2.32616.157
MinimumVisualStudioVersion = 10.0.40219.1
Project("{FAE04EC0-301F-11D3-BF4B-00C04F79EFBC}") = "BlazorFileUpload.Server", "BlazorFileUpload\Server\BlazorFileUpload.Server.csproj", "{06D4D84A-DC33-4CE6-8FCF-E1076D4EA0DA}"
EndProject
Project("{FAE04EC0-301F-11D3-BF4B-00C04F79EFBC}") = "BlazorFileUpload.Client", "BlazorFileUpload\Client\BlazorFileUpload.Client.csproj", "{B60A6C54-4430-409D-92D5-5A4D612FFB6F}"
EndProject
Project("{FAE04EC0-301F-11D3-BF4B-00C04F79EFBC}") = "BlazorFileUpload.Shared", "BlazorFileUpload\Shared\BlazorFileUpload.Shared.csproj", "{3950FA7A-37D6-4597-AB05-5AFA3CE09278}"
EndProject
Global
	GlobalSection(SolutionConfigurationPlatforms) = preSolution
		Debug|Any CPU = Debug|Any CPU
		Release|Any CPU = Release|Any CPU
	EndGlobalSection
	GlobalSection(ProjectConfigurationPlatforms) = postSolution
		{06D4D84A-DC33-4CE6-8FCF-E1076D4EA0DA}.Debug|Any CPU.ActiveCfg = Debug|Any CPU
		{06D4D84A-DC33-4CE6-8FCF-E1076D4EA0DA}.Debug|Any CPU.Build.0 = Debug|Any CPU
		{06D4D84A-DC33-4CE6-8FCF-E1076D4EA0DA}.Release|Any CPU.ActiveCfg = Release|Any CPU
		{06D4D84A-DC33-4CE6-8FCF-E1076D4EA0DA}.Release|Any CPU.Build.0 = Release|Any CPU
		{B60A6C54-4430-409D-92D5-5A4D612FFB6F}.Debug|Any CPU.ActiveCfg = Debug|Any CPU
		{B60A6C54-4430-409D-92D5-5A4D612FFB6F}.Debug|Any CPU.Build.0 = Debug|Any CPU
		{B60A6C54-4430-409D-92D5-5A4D612FFB6F}.Release|Any CPU.ActiveCfg = Release|Any CPU
		{B60A6C54-4430-409D-92D5-5A4D612FFB6F}.Release|Any CPU.Build.0 = Release|Any CPU
		{3950FA7A-37D6-4597-AB05-5AFA3CE09278}.Debug|Any CPU.ActiveCfg = Debug|Any CPU
		{3950FA7A-37D6-4597-AB05-5AFA3CE09278}.Debug|Any CPU.Build.0 = Debug|Any CPU
		{3950FA7A-37D6-4597-AB05-5AFA3CE09278}.Release|Any CPU.ActiveCfg = Release|Any CPU
		{3950FA7A-37D6-4597-AB05-5AFA3CE09278}.Release|Any CPU.Build.0 = Release|Any CPU
	EndGlobalSection
	GlobalSection(SolutionProperties) = preSolution
		HideSolutionNode = FALSE
	EndGlobalSection
	GlobalSection(ExtensibilityGlobals) = postSolution
		SolutionGuid = {E3EB9576-17D8-404A-95BB-F36F9A4292B4}
	EndGlobalSection
EndGlobal
